# THIS IS AN AUTOGENERATED FILE. DO NOT EDIT THIS FILE DIRECTLY.
# yarn lockfile v1


bs-platform@^7.0.1:
  version "7.1.0"
  resolved "https://registry.yarnpkg.com/bs-platform/-/bs-platform-7.1.0.tgz#72b52148b1c4be7f878969e6e2afd1bfab068cdd"

bucklescript-tea@^0.12.1:
  version "0.12.1"
  resolved "https://registry.yarnpkg.com/bucklescript-tea/-/bucklescript-tea-0.12.1.tgz#88c6eca7d870c2c98dcb5fa0d05ccc7bfe7e04b8"
